// !$*UTF8*$!
{
	archiveVersion = 1;
	classes = {
	};
	objectVersion = 56;
	objects = {

/* Begin PBXBuildFile section */
		0285B2C02A808070005B7C1D /* SwiftyJSON in Frameworks */ = {isa = PBXBuildFile; productRef = 0285B2BF2A808070005B7C1D /* SwiftyJSON */; };
		0285B2C32A80809A005B7C1D /* Alamofire in Frameworks */ = {isa = PBXBuildFile; productRef = 0285B2C22A80809A005B7C1D /* Alamofire */; };
		02F4CDF52A773A88001018DF /* AppDelegate.swift in Sources */ = {isa = PBXBuildFile; fileRef = 02F4CDF42A773A88001018DF /* AppDelegate.swift */; };
		02F4CDF72A773A88001018DF /* SceneDelegate.swift in Sources */ = {isa = PBXBuildFile; fileRef = 02F4CDF62A773A88001018DF /* SceneDelegate.swift */; };
		02F4CDF92A773A88001018DF /* AddViewController.swift in Sources */ = {isa = PBXBuildFile; fileRef = 02F4CDF82A773A88001018DF /* AddViewController.swift */; };
		02F4CDFC2A773A88001018DF /* Main.storyboard in Resources */ = {isa = PBXBuildFile; fileRef = 02F4CDFA2A773A88001018DF /* Main.storyboard */; };
		02F4CDFE2A773A89001018DF /* Assets.xcassets in Resources */ = {isa = PBXBuildFile; fileRef = 02F4CDFD2A773A89001018DF /* Assets.xcassets */; };
		02F4CE012A773A89001018DF /* LaunchScreen.storyboard in Resources */ = {isa = PBXBuildFile; fileRef = 02F4CDFF2A773A89001018DF /* LaunchScreen.storyboard */; };
		02F4CE0C2A773BC6001018DF /* DiaryTableViewCell.swift in Sources */ = {isa = PBXBuildFile; fileRef = 02F4CE0A2A773BC6001018DF /* DiaryTableViewCell.swift */; };
		02F4CE0D2A773BC6001018DF /* DiaryTableViewCell.xib in Resources */ = {isa = PBXBuildFile; fileRef = 02F4CE0B2A773BC6001018DF /* DiaryTableViewCell.xib */; };
		02F4CE0F2A773C00001018DF /* DiaryTableViewController.swift in Sources */ = {isa = PBXBuildFile; fileRef = 02F4CE0E2A773C00001018DF /* DiaryTableViewController.swift */; };
		02F4CE112A7753D7001018DF /* DetailViewController.swift in Sources */ = {isa = PBXBuildFile; fileRef = 02F4CE102A7753D7001018DF /* DetailViewController.swift */; };
		02F4CE132A776277001018DF /* Extension+UIViewController.swift in Sources */ = {isa = PBXBuildFile; fileRef = 02F4CE122A776277001018DF /* Extension+UIViewController.swift */; };
		02F4CE152A777967001018DF /* SearchCollectionViewController.swift in Sources */ = {isa = PBXBuildFile; fileRef = 02F4CE142A777967001018DF /* SearchCollectionViewController.swift */; };
		02F4CE182A777AD3001018DF /* SearchCollectionViewCell.swift in Sources */ = {isa = PBXBuildFile; fileRef = 02F4CE162A777AD3001018DF /* SearchCollectionViewCell.swift */; };
		02F4CE192A777AD3001018DF /* SearchCollectionViewCell.xib in Resources */ = {isa = PBXBuildFile; fileRef = 02F4CE172A777AD3001018DF /* SearchCollectionViewCell.xib */; };
		02F4CE472A789B77001018DF /* SettingTableViewController.swift in Sources */ = {isa = PBXBuildFile; fileRef = 02F4CE462A789B77001018DF /* SettingTableViewController.swift */; };
		02F4CE4B2A79F231001018DF /* TimelineViewController.swift in Sources */ = {isa = PBXBuildFile; fileRef = 02F4CE4A2A79F231001018DF /* TimelineViewController.swift */; };
		02F4CE5C2A7B72D3001018DF /* LottoViewController.swift in Sources */ = {isa = PBXBuildFile; fileRef = 02F4CE5B2A7B72D3001018DF /* LottoViewController.swift */; };
/* End PBXBuildFile section */

/* Begin PBXFileReference section */
		02F4CDF12A773A88001018DF /* OneLineDiary.app */ = {isa = PBXFileReference; explicitFileType = wrapper.application; includeInIndex = 0; path = OneLineDiary.app; sourceTree = BUILT_PRODUCTS_DIR; };
		02F4CDF42A773A88001018DF /* AppDelegate.swift */ = {isa = PBXFileReference; lastKnownFileType = sourcecode.swift; path = AppDelegate.swift; sourceTree = "<group>"; };
		02F4CDF62A773A88001018DF /* SceneDelegate.swift */ = {isa = PBXFileReference; lastKnownFileType = sourcecode.swift; path = SceneDelegate.swift; sourceTree = "<group>"; };
		02F4CDF82A773A88001018DF /* AddViewController.swift */ = {isa = PBXFileReference; lastKnownFileType = sourcecode.swift; path = AddViewController.swift; sourceTree = "<group>"; };
		02F4CDFB2A773A88001018DF /* Base */ = {isa = PBXFileReference; lastKnownFileType = file.storyboard; name = Base; path = Base.lproj/Main.storyboard; sourceTree = "<group>"; };
		02F4CDFD2A773A89001018DF /* Assets.xcassets */ = {isa = PBXFileReference; lastKnownFileType = folder.assetcatalog; path = Assets.xcassets; sourceTree = "<group>"; };
		02F4CE002A773A89001018DF /* Base */ = {isa = PBXFileReference; lastKnownFileType = file.storyboard; name = Base; path = Base.lproj/LaunchScreen.storyboard; sourceTree = "<group>"; };
		02F4CE022A773A89001018DF /* Info.plist */ = {isa = PBXFileReference; lastKnownFileType = text.plist.xml; path = Info.plist; sourceTree = "<group>"; };
		02F4CE0A2A773BC6001018DF /* DiaryTableViewCell.swift */ = {isa = PBXFileReference; lastKnownFileType = sourcecode.swift; path = DiaryTableViewCell.swift; sourceTree = "<group>"; };
		02F4CE0B2A773BC6001018DF /* DiaryTableViewCell.xib */ = {isa = PBXFileReference; lastKnownFileType = file.xib; path = DiaryTableViewCell.xib; sourceTree = "<group>"; };
		02F4CE0E2A773C00001018DF /* DiaryTableViewController.swift */ = {isa = PBXFileReference; lastKnownFileType = sourcecode.swift; path = DiaryTableViewController.swift; sourceTree = "<group>"; };
		02F4CE102A7753D7001018DF /* DetailViewController.swift */ = {isa = PBXFileReference; lastKnownFileType = sourcecode.swift; path = DetailViewController.swift; sourceTree = "<group>"; };
		02F4CE122A776277001018DF /* Extension+UIViewController.swift */ = {isa = PBXFileReference; lastKnownFileType = sourcecode.swift; path = "Extension+UIViewController.swift"; sourceTree = "<group>"; };
		02F4CE142A777967001018DF /* SearchCollectionViewController.swift */ = {isa = PBXFileReference; lastKnownFileType = sourcecode.swift; path = SearchCollectionViewController.swift; sourceTree = "<group>"; };
		02F4CE162A777AD3001018DF /* SearchCollectionViewCell.swift */ = {isa = PBXFileReference; lastKnownFileType = sourcecode.swift; path = SearchCollectionViewCell.swift; sourceTree = "<group>"; };
		02F4CE172A777AD3001018DF /* SearchCollectionViewCell.xib */ = {isa = PBXFileReference; lastKnownFileType = file.xib; path = SearchCollectionViewCell.xib; sourceTree = "<group>"; };
		02F4CE462A789B77001018DF /* SettingTableViewController.swift */ = {isa = PBXFileReference; lastKnownFileType = sourcecode.swift; path = SettingTableViewController.swift; sourceTree = "<group>"; };
		02F4CE4A2A79F231001018DF /* TimelineViewController.swift */ = {isa = PBXFileReference; lastKnownFileType = sourcecode.swift; path = TimelineViewController.swift; sourceTree = "<group>"; };
		02F4CE5B2A7B72D3001018DF /* LottoViewController.swift */ = {isa = PBXFileReference; lastKnownFileType = sourcecode.swift; path = LottoViewController.swift; sourceTree = "<group>"; };
/* End PBXFileReference section */

/* Begin PBXFrameworksBuildPhase section */
		02F4CDEE2A773A88001018DF /* Frameworks */ = {
			isa = PBXFrameworksBuildPhase;
			buildActionMask = 2147483647;
			files = (
				0285B2C02A808070005B7C1D /* SwiftyJSON in Frameworks */,
				0285B2C32A80809A005B7C1D /* Alamofire in Frameworks */,
			);
			runOnlyForDeploymentPostprocessing = 0;
		};
/* End PBXFrameworksBuildPhase section */

/* Begin PBXGroup section */
		02F4CDE82A773A88001018DF = {
			isa = PBXGroup;
			children = (
				02F4CDF32A773A88001018DF /* OneLineDiary */,
				02F4CDF22A773A88001018DF /* Products */,
			);
			sourceTree = "<group>";
		};
		02F4CDF22A773A88001018DF /* Products */ = {
			isa = PBXGroup;
			children = (
				02F4CDF12A773A88001018DF /* OneLineDiary.app */,
			);
			name = Products;
			sourceTree = "<group>";
		};
		02F4CDF32A773A88001018DF /* OneLineDiary */ = {
			isa = PBXGroup;
			children = (
				02F4CDF42A773A88001018DF /* AppDelegate.swift */,
				02F4CDF62A773A88001018DF /* SceneDelegate.swift */,
				02F4CE102A7753D7001018DF /* DetailViewController.swift */,
				02F4CDF82A773A88001018DF /* AddViewController.swift */,
				02F4CE0E2A773C00001018DF /* DiaryTableViewController.swift */,
				02F4CE122A776277001018DF /* Extension+UIViewController.swift */,
				02F4CDFA2A773A88001018DF /* Main.storyboard */,
				02F4CE4A2A79F231001018DF /* TimelineViewController.swift */,
				02F4CE142A777967001018DF /* SearchCollectionViewController.swift */,
				02F4CE162A777AD3001018DF /* SearchCollectionViewCell.swift */,
				02F4CE172A777AD3001018DF /* SearchCollectionViewCell.xib */,
				02F4CE0A2A773BC6001018DF /* DiaryTableViewCell.swift */,
				02F4CE0B2A773BC6001018DF /* DiaryTableViewCell.xib */,
				02F4CE462A789B77001018DF /* SettingTableViewController.swift */,
				02F4CE5B2A7B72D3001018DF /* LottoViewController.swift */,
				02F4CDFD2A773A89001018DF /* Assets.xcassets */,
				02F4CDFF2A773A89001018DF /* LaunchScreen.storyboard */,
				02F4CE022A773A89001018DF /* Info.plist */,
			);
			path = OneLineDiary;
			sourceTree = "<group>";
		};
/* End PBXGroup section */

/* Begin PBXNativeTarget section */
		02F4CDF02A773A88001018DF /* OneLineDiary */ = {
			isa = PBXNativeTarget;
			buildConfigurationList = 02F4CE052A773A89001018DF /* Build configuration list for PBXNativeTarget "OneLineDiary" */;
			buildPhases = (
				02F4CDED2A773A88001018DF /* Sources */,
				02F4CDEE2A773A88001018DF /* Frameworks */,
				02F4CDEF2A773A88001018DF /* Resources */,
			);
			buildRules = (
			);
			dependencies = (
			);
			name = OneLineDiary;
			packageProductDependencies = (
				0285B2BF2A808070005B7C1D /* SwiftyJSON */,
				0285B2C22A80809A005B7C1D /* Alamofire */,
			);
			productName = OneLineDiary;
			productReference = 02F4CDF12A773A88001018DF /* OneLineDiary.app */;
			productType = "com.apple.product-type.application";
		};
/* End PBXNativeTarget section */

/* Begin PBXProject section */
		02F4CDE92A773A88001018DF /* Project object */ = {
			isa = PBXProject;
			attributes = {
				BuildIndependentTargetsInParallel = 1;
				LastSwiftUpdateCheck = 1430;
				LastUpgradeCheck = 1430;
				TargetAttributes = {
					02F4CDF02A773A88001018DF = {
						CreatedOnToolsVersion = 14.3.1;
					};
				};
			};
			buildConfigurationList = 02F4CDEC2A773A88001018DF /* Build configuration list for PBXProject "OneLineDiary" */;
			compatibilityVersion = "Xcode 14.0";
			developmentRegion = en;
			hasScannedForEncodings = 0;
			knownRegions = (
				en,
				Base,
			);
			mainGroup = 02F4CDE82A773A88001018DF;
			packageReferences = (
				0285B2BE2A808070005B7C1D /* XCRemoteSwiftPackageReference "SwiftyJSON" */,
				0285B2C12A80809A005B7C1D /* XCRemoteSwiftPackageReference "Alamofire" */,
			);
			productRefGroup = 02F4CDF22A773A88001018DF /* Products */;
			projectDirPath = "";
			projectRoot = "";
			targets = (
				02F4CDF02A773A88001018DF /* OneLineDiary */,
			);
		};
/* End PBXProject section */

/* Begin PBXResourcesBuildPhase section */
		02F4CDEF2A773A88001018DF /* Resources */ = {
			isa = PBXResourcesBuildPhase;
			buildActionMask = 2147483647;
			files = (
				02F4CE012A773A89001018DF /* LaunchScreen.storyboard in Resources */,
				02F4CDFE2A773A89001018DF /* Assets.xcassets in Resources */,
				02F4CE192A777AD3001018DF /* SearchCollectionViewCell.xib in Resources */,
				02F4CDFC2A773A88001018DF /* Main.storyboard in Resources */,
				02F4CE0D2A773BC6001018DF /* DiaryTableViewCell.xib in Resources */,
			);
			runOnlyForDeploymentPostprocessing = 0;
		};
/* End PBXResourcesBuildPhase section */

/* Begin PBXSourcesBuildPhase section */
		02F4CDED2A773A88001018DF /* Sources */ = {
			isa = PBXSourcesBuildPhase;
			buildActionMask = 2147483647;
			files = (
				02F4CE0C2A773BC6001018DF /* DiaryTableViewCell.swift in Sources */,
				02F4CE4B2A79F231001018DF /* TimelineViewController.swift in Sources */,
				02F4CE132A776277001018DF /* Extension+UIViewController.swift in Sources */,
				02F4CDF92A773A88001018DF /* AddViewController.swift in Sources */,
				02F4CDF52A773A88001018DF /* AppDelegate.swift in Sources */,
				02F4CE472A789B77001018DF /* SettingTableViewController.swift in Sources */,
				02F4CE112A7753D7001018DF /* DetailViewController.swift in Sources */,
				02F4CDF72A773A88001018DF /* SceneDelegate.swift in Sources */,
				02F4CE152A777967001018DF /* SearchCollectionViewController.swift in Sources */,
				02F4CE5C2A7B72D3001018DF /* LottoViewController.swift in Sources */,
				02F4CE0F2A773C00001018DF /* DiaryTableViewController.swift in Sources */,
				02F4CE182A777AD3001018DF /* SearchCollectionViewCell.swift in Sources */,
			);
			runOnlyForDeploymentPostprocessing = 0;
		};
/* End PBXSourcesBuildPhase section */

/* Begin PBXVariantGroup section */
		02F4CDFA2A773A88001018DF /* Main.storyboard */ = {
			isa = PBXVariantGroup;
			children = (
				02F4CDFB2A773A88001018DF /* Base */,
			);
			name = Main.storyboard;
			sourceTree = "<group>";
		};
		02F4CDFF2A773A89001018DF /* LaunchScreen.storyboard */ = {
			isa = PBXVariantGroup;
			children = (
				02F4CE002A773A89001018DF /* Base */,
			);
			name = LaunchScreen.storyboard;
			sourceTree = "<group>";
		};
/* End PBXVariantGroup section */

/* Begin XCBuildConfiguration section */
		02F4CE032A773A89001018DF /* Debug */ = {
			isa = XCBuildConfiguration;
			buildSettings = {
				ALWAYS_SEARCH_USER_PATHS = NO;
				CLANG_ANALYZER_NONNULL = YES;
				CLANG_ANALYZER_NUMBER_OBJECT_CONVERSION = YES_AGGRESSIVE;
				CLANG_CXX_LANGUAGE_STANDARD = "gnu++20";
				CLANG_ENABLE_MODULES = YES;
				CLANG_ENABLE_OBJC_ARC = YES;
				CLANG_ENABLE_OBJC_WEAK = YES;
				CLANG_WARN_BLOCK_CAPTURE_AUTORELEASING = YES;
				CLANG_WARN_BOOL_CONVERSION = YES;
				CLANG_WARN_COMMA = YES;
				CLANG_WARN_CONSTANT_CONVERSION = YES;
				CLANG_WARN_DEPRECATED_OBJC_IMPLEMENTATIONS = YES;
				CLANG_WARN_DIRECT_OBJC_ISA_USAGE = YES_ERROR;
				CLANG_WARN_DOCUMENTATION_COMMENTS = YES;
				CLANG_WARN_EMPTY_BODY = YES;
				CLANG_WARN_ENUM_CONVERSION = YES;
				CLANG_WARN_INFINITE_RECURSION = YES;
				CLANG_WARN_INT_CONVERSION = YES;
				CLANG_WARN_NON_LITERAL_NULL_CONVERSION = YES;
				CLANG_WARN_OBJC_IMPLICIT_RETAIN_SELF = YES;
				CLANG_WARN_OBJC_LITERAL_CONVERSION = YES;
				CLANG_WARN_OBJC_ROOT_CLASS = YES_ERROR;
				CLANG_WARN_QUOTED_INCLUDE_IN_FRAMEWORK_HEADER = YES;
				CLANG_WARN_RANGE_LOOP_ANALYSIS = YES;
				CLANG_WARN_STRICT_PROTOTYPES = YES;
				CLANG_WARN_SUSPICIOUS_MOVE = YES;
				CLANG_WARN_UNGUARDED_AVAILABILITY = YES_AGGRESSIVE;
				CLANG_WARN_UNREACHABLE_CODE = YES;
				CLANG_WARN__DUPLICATE_METHOD_MATCH = YES;
				COPY_PHASE_STRIP = NO;
				DEBUG_INFORMATION_FORMAT = dwarf;
				ENABLE_STRICT_OBJC_MSGSEND = YES;
				ENABLE_TESTABILITY = YES;
				GCC_C_LANGUAGE_STANDARD = gnu11;
				GCC_DYNAMIC_NO_PIC = NO;
				GCC_NO_COMMON_BLOCKS = YES;
				GCC_OPTIMIZATION_LEVEL = 0;
				GCC_PREPROCESSOR_DEFINITIONS = (
					"DEBUG=1",
					"$(inherited)",
				);
				GCC_WARN_64_TO_32_BIT_CONVERSION = YES;
				GCC_WARN_ABOUT_RETURN_TYPE = YES_ERROR;
				GCC_WARN_UNDECLARED_SELECTOR = YES;
				GCC_WARN_UNINITIALIZED_AUTOS = YES_AGGRESSIVE;
				GCC_WARN_UNUSED_FUNCTION = YES;
				GCC_WARN_UNUSED_VARIABLE = YES;
				IPHONEOS_DEPLOYMENT_TARGET = 16.4;
				MTL_ENABLE_DEBUG_INFO = INCLUDE_SOURCE;
				MTL_FAST_MATH = YES;
				ONLY_ACTIVE_ARCH = YES;
				SDKROOT = iphoneos;
				SWIFT_ACTIVE_COMPILATION_CONDITIONS = DEBUG;
				SWIFT_OPTIMIZATION_LEVEL = "-Onone";
			};
			name = Debug;
		};
		02F4CE042A773A89001018DF /* Release */ = {
			isa = XCBuildConfiguration;
			buildSettings = {
				ALWAYS_SEARCH_USER_PATHS = NO;
				CLANG_ANALYZER_NONNULL = YES;
				CLANG_ANALYZER_NUMBER_OBJECT_CONVERSION = YES_AGGRESSIVE;
				CLANG_CXX_LANGUAGE_STANDARD = "gnu++20";
				CLANG_ENABLE_MODULES = YES;
				CLANG_ENABLE_OBJC_ARC = YES;
				CLANG_ENABLE_OBJC_WEAK = YES;
				CLANG_WARN_BLOCK_CAPTURE_AUTORELEASING = YES;
				CLANG_WARN_BOOL_CONVERSION = YES;
				CLANG_WARN_COMMA = YES;
				CLANG_WARN_CONSTANT_CONVERSION = YES;
				CLANG_WARN_DEPRECATED_OBJC_IMPLEMENTATIONS = YES;
				CLANG_WARN_DIRECT_OBJC_ISA_USAGE = YES_ERROR;
				CLANG_WARN_DOCUMENTATION_COMMENTS = YES;
				CLANG_WARN_EMPTY_BODY = YES;
				CLANG_WARN_ENUM_CONVERSION = YES;
				CLANG_WARN_INFINITE_RECURSION = YES;
				CLANG_WARN_INT_CONVERSION = YES;
				CLANG_WARN_NON_LITERAL_NULL_CONVERSION = YES;
				CLANG_WARN_OBJC_IMPLICIT_RETAIN_SELF = YES;
				CLANG_WARN_OBJC_LITERAL_CONVERSION = YES;
				CLANG_WARN_OBJC_ROOT_CLASS = YES_ERROR;
				CLANG_WARN_QUOTED_INCLUDE_IN_FRAMEWORK_HEADER = YES;
				CLANG_WARN_RANGE_LOOP_ANALYSIS = YES;
				CLANG_WARN_STRICT_PROTOTYPES = YES;
				CLANG_WARN_SUSPICIOUS_MOVE = YES;
				CLANG_WARN_UNGUARDED_AVAILABILITY = YES_AGGRESSIVE;
				CLANG_WARN_UNREACHABLE_CODE = YES;
				CLANG_WARN__DUPLICATE_METHOD_MATCH = YES;
				COPY_PHASE_STRIP = NO;
				DEBUG_INFORMATION_FORMAT = "dwarf-with-dsym";
				ENABLE_NS_ASSERTIONS = NO;
				ENABLE_STRICT_OBJC_MSGSEND = YES;
				GCC_C_LANGUAGE_STANDARD = gnu11;
				GCC_NO_COMMON_BLOCKS = YES;
				GCC_WARN_64_TO_32_BIT_CONVERSION = YES;
				GCC_WARN_ABOUT_RETURN_TYPE = YES_ERROR;
				GCC_WARN_UNDECLARED_SELECTOR = YES;
				GCC_WARN_UNINITIALIZED_AUTOS = YES_AGGRESSIVE;
				GCC_WARN_UNUSED_FUNCTION = YES;
				GCC_WARN_UNUSED_VARIABLE = YES;
				IPHONEOS_DEPLOYMENT_TARGET = 16.4;
				MTL_ENABLE_DEBUG_INFO = NO;
				MTL_FAST_MATH = YES;
				SDKROOT = iphoneos;
				SWIFT_COMPILATION_MODE = wholemodule;
				SWIFT_OPTIMIZATION_LEVEL = "-O";
				VALIDATE_PRODUCT = YES;
			};
			name = Release;
		};
		02F4CE062A773A89001018DF /* Debug */ = {
			isa = XCBuildConfiguration;
			buildSettings = {
				ASSETCATALOG_COMPILER_APPICON_NAME = AppIcon;
				ASSETCATALOG_COMPILER_GLOBAL_ACCENT_COLOR_NAME = AccentColor;
				CODE_SIGN_STYLE = Automatic;
				CURRENT_PROJECT_VERSION = 1;
				DEVELOPMENT_TEAM = DBXHWJCYZK;
				GENERATE_INFOPLIST_FILE = YES;
				INFOPLIST_FILE = OneLineDiary/Info.plist;
				INFOPLIST_KEY_UIApplicationSupportsIndirectInputEvents = YES;
				INFOPLIST_KEY_UILaunchStoryboardName = LaunchScreen;
				INFOPLIST_KEY_UIMainStoryboardFile = Main;
				INFOPLIST_KEY_UISupportedInterfaceOrientations_iPad = "UIInterfaceOrientationPortrait UIInterfaceOrientationPortraitUpsideDown UIInterfaceOrientationLandscapeLeft UIInterfaceOrientationLandscapeRight";
				INFOPLIST_KEY_UISupportedInterfaceOrientations_iPhone = "UIInterfaceOrientationPortrait UIInterfaceOrientationLandscapeLeft UIInterfaceOrientationLandscapeRight";
				IPHONEOS_DEPLOYMENT_TARGET = 13.0;
				LD_RUNPATH_SEARCH_PATHS = (
					"$(inherited)",
					"@executable_path/Frameworks",
				);
				MARKETING_VERSION = 1.0;
				PRODUCT_BUNDLE_IDENTIFIER = com.sesac.lavender.OneLineDiary;
				PRODUCT_NAME = "$(TARGET_NAME)";
				SUPPORTED_PLATFORMS = "iphoneos iphonesimulator";
				SUPPORTS_MACCATALYST = NO;
				SUPPORTS_MAC_DESIGNED_FOR_IPHONE_IPAD = NO;
				SWIFT_EMIT_LOC_STRINGS = YES;
				SWIFT_VERSION = 5.0;
				TARGETED_DEVICE_FAMILY = 1;
			};
			name = Debug;
		};
		02F4CE072A773A89001018DF /* Release */ = {
			isa = XCBuildConfiguration;
			buildSettings = {
				ASSETCATALOG_COMPILER_APPICON_NAME = AppIcon;
				ASSETCATALOG_COMPILER_GLOBAL_ACCENT_COLOR_NAME = AccentColor;
				CODE_SIGN_STYLE = Automatic;
				CURRENT_PROJECT_VERSION = 1;
				DEVELOPMENT_TEAM = DBXHWJCYZK;
				GENERATE_INFOPLIST_FILE = YES;
				INFOPLIST_FILE = OneLineDiary/Info.plist;
				INFOPLIST_KEY_UIApplicationSupportsIndirectInputEvents = YES;
				INFOPLIST_KEY_UILaunchStoryboardName = LaunchScreen;
				INFOPLIST_KEY_UIMainStoryboardFile = Main;
				INFOPLIST_KEY_UISupportedInterfaceOrientations_iPad = "UIInterfaceOrientationPortrait UIInterfaceOrientationPortraitUpsideDown UIInterfaceOrientationLandscapeLeft UIInterfaceOrientationLandscapeRight";
				INFOPLIST_KEY_UISupportedInterfaceOrientations_iPhone = "UIInterfaceOrientationPortrait UIInterfaceOrientationLandscapeLeft UIInterfaceOrientationLandscapeRight";
				IPHONEOS_DEPLOYMENT_TARGET = 13.0;
				LD_RUNPATH_SEARCH_PATHS = (
					"$(inherited)",
					"@executable_path/Frameworks",
				);
				MARKETING_VERSION = 1.0;
				PRODUCT_BUNDLE_IDENTIFIER = com.sesac.lavender.OneLineDiary;
				PRODUCT_NAME = "$(TARGET_NAME)";
				SUPPORTED_PLATFORMS = "iphoneos iphonesimulator";
				SUPPORTS_MACCATALYST = NO;
				SUPPORTS_MAC_DESIGNED_FOR_IPHONE_IPAD = NO;
				SWIFT_EMIT_LOC_STRINGS = YES;
				SWIFT_VERSION = 5.0;
				TARGETED_DEVICE_FAMILY = 1;
			};
			name = Release;
		};
/* End XCBuildConfiguration section */

/* Begin XCConfigurationList section */
		02F4CDEC2A773A88001018DF /* Build configuration list for PBXProject "OneLineDiary" */ = {
			isa = XCConfigurationList;
			buildConfigurations = (
				02F4CE032A773A89001018DF /* Debug */,
				02F4CE042A773A89001018DF /* Release */,
			);
			defaultConfigurationIsVisible = 0;
			defaultConfigurationName = Release;
		};
		02F4CE052A773A89001018DF /* Build configuration list for PBXNativeTarget "OneLineDiary" */ = {
			isa = XCConfigurationList;
			buildConfigurations = (
				02F4CE062A773A89001018DF /* Debug */,
				02F4CE072A773A89001018DF /* Release */,
			);
			defaultConfigurationIsVisible = 0;
			defaultConfigurationName = Release;
		};
/* End XCConfigurationList section */

/* Begin XCRemoteSwiftPackageReference section */
		0285B2BE2A808070005B7C1D /* XCRemoteSwiftPackageReference "SwiftyJSON" */ = {
			isa = XCRemoteSwiftPackageReference;
			repositoryURL = "https://github.com/SwiftyJSON/SwiftyJSON.git";
			requirement = {
				kind = upToNextMajorVersion;
				minimumVersion = 5.0.0;
			};
		};
		0285B2C12A80809A005B7C1D /* XCRemoteSwiftPackageReference "Alamofire" */ = {
			isa = XCRemoteSwiftPackageReference;
			repositoryURL = "https://github.com/Alamofire/Alamofire.git";
			requirement = {
				kind = upToNextMajorVersion;
				minimumVersion = 5.0.0;
			};
		};
/* End XCRemoteSwiftPackageReference section */

/* Begin XCSwiftPackageProductDependency section */
		0285B2BF2A808070005B7C1D /* SwiftyJSON */ = {
			isa = XCSwiftPackageProductDependency;
			package = 0285B2BE2A808070005B7C1D /* XCRemoteSwiftPackageReference "SwiftyJSON" */;
			productName = SwiftyJSON;
		};
		0285B2C22A80809A005B7C1D /* Alamofire */ = {
			isa = XCSwiftPackageProductDependency;
			package = 0285B2C12A80809A005B7C1D /* XCRemoteSwiftPackageReference "Alamofire" */;
			productName = Alamofire;
		};
/* End XCSwiftPackageProductDependency section */
	};
	rootObject = 02F4CDE92A773A88001018DF /* Project object */;
}
